
Microsoft Visual Studio Solution File, Format Version 12.00
# Visual Studio 14
VisualStudioVersion = 14.0.25123.0
MinimumVisualStudioVersion = 10.0.40219.1
Project("{FAE04EC0-301F-11D3-BF4B-00C04F79EFBC}") = "Bud.Exec", "Bud.Exec\Bud.Exec.csproj", "{7647A7D1-BB14-4A70-9B0A-551B051CC125}"
EndProject
Project("{FAE04EC0-301F-11D3-BF4B-00C04F79EFBC}") = "Bud.Exec.Test", "Bud.Exec.Test\Bud.Exec.Test.csproj", "{9E6B061A-6E7D-4FB3-AAEF-F857C8347F63}"
EndProject
Project("{FAE04EC0-301F-11D3-BF4B-00C04F79EFBC}") = "Bud.Exec.TesterApp", "Bud.Exec.TesterApp\Bud.Exec.TesterApp.csproj", "{0E6E6413-0B99-439C-BF9C-7661A4846139}"
EndProject
Global
	GlobalSection(SolutionConfigurationPlatforms) = preSolution
		Debug|Any CPU = Debug|Any CPU
		Release|Any CPU = Release|Any CPU
	EndGlobalSection
	GlobalSection(ProjectConfigurationPlatforms) = postSolution
		{7647A7D1-BB14-4A70-9B0A-551B051CC125}.Debug|Any CPU.ActiveCfg = Debug|Any CPU
		{7647A7D1-BB14-4A70-9B0A-551B051CC125}.Debug|Any CPU.Build.0 = Debug|Any CPU
		{7647A7D1-BB14-4A70-9B0A-551B051CC125}.Release|Any CPU.ActiveCfg = Release|Any CPU
		{7647A7D1-BB14-4A70-9B0A-551B051CC125}.Release|Any CPU.Build.0 = Release|Any CPU
		{9E6B061A-6E7D-4FB3-AAEF-F857C8347F63}.Debug|Any CPU.ActiveCfg = Debug|Any CPU
		{9E6B061A-6E7D-4FB3-AAEF-F857C8347F63}.Debug|Any CPU.Build.0 = Debug|Any CPU
		{9E6B061A-6E7D-4FB3-AAEF-F857C8347F63}.Release|Any CPU.ActiveCfg = Release|Any CPU
		{9E6B061A-6E7D-4FB3-AAEF-F857C8347F63}.Release|Any CPU.Build.0 = Release|Any CPU
		{0E6E6413-0B99-439C-BF9C-7661A4846139}.Debug|Any CPU.ActiveCfg = Debug|Any CPU
		{0E6E6413-0B99-439C-BF9C-7661A4846139}.Debug|Any CPU.Build.0 = Debug|Any CPU
		{0E6E6413-0B99-439C-BF9C-7661A4846139}.Release|Any CPU.ActiveCfg = Release|Any CPU
		{0E6E6413-0B99-439C-BF9C-7661A4846139}.Release|Any CPU.Build.0 = Release|Any CPU
	EndGlobalSection
	GlobalSection(SolutionProperties) = preSolution
		HideSolutionNode = FALSE
	EndGlobalSection
EndGlobal
